
Microsoft Visual Studio Solution File, Format Version 12.00
# Visual Studio Version 16
VisualStudioVersion = 16.0.30907.101
MinimumVisualStudioVersion = 10.0.40219.1
Project("{FAE04EC0-301F-11D3-BF4B-00C04F79EFBC}") = "DebugHardwareTool", "DebugHardwareTool\DebugHardwareTool.csproj", "{060611BC-1713-4DD7-BC2A-8B96D2A429C0}"
EndProject
Global
	GlobalSection(SolutionConfigurationPlatforms) = preSolution
		Debug|Any CPU = Debug|Any CPU
		Release|Any CPU = Release|Any CPU
	EndGlobalSection
	GlobalSection(ProjectConfigurationPlatforms) = postSolution
		{060611BC-1713-4DD7-BC2A-8B96D2A429C0}.Debug|Any CPU.ActiveCfg = Debug|Any CPU
		{060611BC-1713-4DD7-BC2A-8B96D2A429C0}.Debug|Any CPU.Build.0 = Debug|Any CPU
		{060611BC-1713-4DD7-BC2A-8B96D2A429C0}.Release|Any CPU.ActiveCfg = Release|Any CPU
		{060611BC-1713-4DD7-BC2A-8B96D2A429C0}.Release|Any CPU.Build.0 = Release|Any CPU
	EndGlobalSection
	GlobalSection(SolutionProperties) = preSolution
		HideSolutionNode = FALSE
	EndGlobalSection
	GlobalSection(ExtensibilityGlobals) = postSolution
		SolutionGuid = {4B10D17F-DF5C-47F8-9D0B-334CBECA87ED}
	EndGlobalSection
EndGlobal
